{
  "name": "testingplaywright",
  "version": "1.0.0",
  "lockfileVersion": 2,
  "requires": true,
  "packages": {
    "": {
      "name": "testingplaywright",
      "version": "1.0.0",
      "license": "ISC",
      "devDependencies": {
        "@playwright/test": "^1.46.0-alpha-2024-07-16",
        "@types/node": "^20.14.10"
      }
    },
    "node_modules/@playwright/test": {
      "version": "1.46.0-alpha-2024-07-16",
      "resolved": "https://registry.npmjs.org/@playwright/test/-/test-1.46.0-alpha-2024-07-16.tgz",
      "integrity": "sha512-wmPf2bClZo6q440KuLf0XjRFHNJzMp46oyyFWyTmSzsezGezPYj4iAJGNaNLcSauYokliEodAwSs4sMzXBqgtw==",
      "dev": true,
      "dependencies": {
        "playwright": "1.46.0-alpha-2024-07-16"
      },
      "bin": {
        "playwright": "cli.js"
      },
      "engines": {
        "node": ">=18"
      }
    },
    "node_modules/@types/node": {
      "version": "20.14.10",
      "resolved": "https://registry.npmjs.org/@types/node/-/node-20.14.10.tgz",
      "integrity": "sha512-MdiXf+nDuMvY0gJKxyfZ7/6UFsETO7mGKF54MVD/ekJS6HdFtpZFBgrh6Pseu64XTb2MLyFPlbW6hj8HYRQNOQ==",
      "dev": true,
      "dependencies": {
        "undici-types": "~5.26.4"
      }
    },
    "node_modules/fsevents": {
      "version": "2.3.2",
      "resolved": "https://registry.npmjs.org/fsevents/-/fsevents-2.3.2.tgz",
      "integrity": "sha512-xiqMQR4xAeHTuB9uWm+fFRcIOgKBMiOBP+eXiyT7jsgVCq1bkVygt00oASowB7EdtpOHaaPgKt812P9ab+DDKA==",
      "dev": true,
      "hasInstallScript": true,
      "optional": true,
      "os": [
        "darwin"
      ],
      "engines": {
        "node": "^8.16.0 || ^10.6.0 || >=11.0.0"
      }
    },
    "node_modules/playwright": {
      "version": "1.46.0-alpha-2024-07-16",
      "resolved": "https://registry.npmjs.org/playwright/-/playwright-1.46.0-alpha-2024-07-16.tgz",
      "integrity": "sha512-xQa60t8XVT4IlMjJtW6H8bljqe8eOotRkSx7a7PqiD8UIfGW1W0BbPYGBz6Odx5BowC1zNM4mlR2046l+fCvzA==",
      "dev": true,
      "dependencies": {
        "playwright-core": "1.46.0-alpha-2024-07-16"
      },
      "bin": {
        "playwright": "cli.js"
      },
      "engines": {
        "node": ">=18"
      },
      "optionalDependencies": {
        "fsevents": "2.3.2"
      }
    },
    "node_modules/playwright-core": {
      "version": "1.46.0-alpha-2024-07-16",
      "resolved": "https://registry.npmjs.org/playwright-core/-/playwright-core-1.46.0-alpha-2024-07-16.tgz",
      "integrity": "sha512-eKEZufsebtErb14OwaKWYtLsM0nNQPFx67WMm3cwE53QIo1EauTP/D10FVdeYWeXwNZg8u6ZoCmYDRC/tnSE9A==",
      "dev": true,
      "bin": {
        "playwright-core": "cli.js"
      },
      "engines": {
        "node": ">=18"
      }
    },
    "node_modules/undici-types": {
      "version": "5.26.5",
      "resolved": "https://registry.npmjs.org/undici-types/-/undici-types-5.26.5.tgz",
      "integrity": "sha512-JlCMO+ehdEIKqlFxk6IfVoAUVmgz7cU7zD/h9XZ0qzeosSHmUJVOzSQvvYSYWXkFXC+IfLKSIffhv0sVZup6pA==",
      "dev": true
    }
  },
  "dependencies": {
    "@playwright/test": {
      "version": "1.46.0-alpha-2024-07-16",
      "resolved": "https://registry.npmjs.org/@playwright/test/-/test-1.46.0-alpha-2024-07-16.tgz",
      "integrity": "sha512-wmPf2bClZo6q440KuLf0XjRFHNJzMp46oyyFWyTmSzsezGezPYj4iAJGNaNLcSauYokliEodAwSs4sMzXBqgtw==",
      "dev": true,
      "requires": {
        "playwright": "1.46.0-alpha-2024-07-16"
      }
    },
    "@types/node": {
      "version": "20.14.10",
      "resolved": "https://registry.npmjs.org/@types/node/-/node-20.14.10.tgz",
      "integrity": "sha512-MdiXf+nDuMvY0gJKxyfZ7/6UFsETO7mGKF54MVD/ekJS6HdFtpZFBgrh6Pseu64XTb2MLyFPlbW6hj8HYRQNOQ==",
      "dev": true,
      "requires": {
        "undici-types": "~5.26.4"
      }
    },
    "fsevents": {
      "version": "2.3.2",
      "resolved": "https://registry.npmjs.org/fsevents/-/fsevents-2.3.2.tgz",
      "integrity": "sha512-xiqMQR4xAeHTuB9uWm+fFRcIOgKBMiOBP+eXiyT7jsgVCq1bkVygt00oASowB7EdtpOHaaPgKt812P9ab+DDKA==",
      "dev": true,
      "optional": true
    },
    "playwright": {
      "version": "1.46.0-alpha-2024-07-16",
      "resolved": "https://registry.npmjs.org/playwright/-/playwright-1.46.0-alpha-2024-07-16.tgz",
      "integrity": "sha512-xQa60t8XVT4IlMjJtW6H8bljqe8eOotRkSx7a7PqiD8UIfGW1W0BbPYGBz6Odx5BowC1zNM4mlR2046l+fCvzA==",
      "dev": true,
      "requires": {
        "fsevents": "2.3.2",
        "playwright-core": "1.46.0-alpha-2024-07-16"
      }
    },
    "playwright-core": {
      "version": "1.46.0-alpha-2024-07-16",
      "resolved": "https://registry.npmjs.org/playwright-core/-/playwright-core-1.46.0-alpha-2024-07-16.tgz",
      "integrity": "sha512-eKEZufsebtErb14OwaKWYtLsM0nNQPFx67WMm3cwE53QIo1EauTP/D10FVdeYWeXwNZg8u6ZoCmYDRC/tnSE9A==",
      "dev": true
    },
    "undici-types": {
      "version": "5.26.5",
      "resolved": "https://registry.npmjs.org/undici-types/-/undici-types-5.26.5.tgz",
      "integrity": "sha512-JlCMO+ehdEIKqlFxk6IfVoAUVmgz7cU7zD/h9XZ0qzeosSHmUJVOzSQvvYSYWXkFXC+IfLKSIffhv0sVZup6pA==",
      "dev": true
    }
  }
}
